
Microsoft Visual Studio Solution File, Format Version 12.00
# Visual Studio Version 17
VisualStudioVersion = 17.8.34322.80
MinimumVisualStudioVersion = 10.0.40219.1
Project("{FAE04EC0-301F-11D3-BF4B-00C04F79EFBC}") = "web api withg react js", "web api withg react js\web api withg react js.csproj", "{AD87252C-60FB-437B-8777-AAEADDF8697C}"
EndProject
Global
	GlobalSection(SolutionConfigurationPlatforms) = preSolution
		Debug|Any CPU = Debug|Any CPU
		Release|Any CPU = Release|Any CPU
	EndGlobalSection
	GlobalSection(ProjectConfigurationPlatforms) = postSolution
		{AD87252C-60FB-437B-8777-AAEADDF8697C}.Debug|Any CPU.ActiveCfg = Debug|Any CPU
		{AD87252C-60FB-437B-8777-AAEADDF8697C}.Debug|Any CPU.Build.0 = Debug|Any CPU
		{AD87252C-60FB-437B-8777-AAEADDF8697C}.Release|Any CPU.ActiveCfg = Release|Any CPU
		{AD87252C-60FB-437B-8777-AAEADDF8697C}.Release|Any CPU.Build.0 = Release|Any CPU
	EndGlobalSection
	GlobalSection(SolutionProperties) = preSolution
		HideSolutionNode = FALSE
	EndGlobalSection
	GlobalSection(ExtensibilityGlobals) = postSolution
		SolutionGuid = {B25F3B9F-4AA8-49D7-9576-284E706F8E12}
	EndGlobalSection
EndGlobal
